
Microsoft Visual Studio Solution File, Format Version 12.00
# Visual Studio Version 17
VisualStudioVersion = 17.11.35327.3
MinimumVisualStudioVersion = 10.0.40219.1
Project("{FAE04EC0-301F-11D3-BF4B-00C04F79EFBC}") = "GestionBanque1", "GestionBanque1\GestionBanque1.csproj", "{6D385926-1571-4BBE-879C-F181FB08A820}"
EndProject
Project("{FAE04EC0-301F-11D3-BF4B-00C04F79EFBC}") = "GestionBanque2", "GestionBanque2\GestionBanque2.csproj", "{53416F38-FCFA-4BDF-8DAC-586457D30FF8}"
EndProject
Project("{2150E333-8FDC-42A3-9474-1A3956D46DE8}") = "1 ClassProp", "1 ClassProp", "{257500B0-D5A5-4156-B71F-C9045A9A9FA2}"
EndProject
Project("{2150E333-8FDC-42A3-9474-1A3956D46DE8}") = "2 Indexeurs", "2 Indexeurs", "{B0B1886F-89EA-423C-B91C-F81A2B3960F3}"
EndProject
Project("{2150E333-8FDC-42A3-9474-1A3956D46DE8}") = "3 Surcharges d'opérateurs + Bonus", "3 Surcharges d'opérateurs + Bonus", "{AE81B8FE-3B13-43AF-B6AD-B79CDC21C049}"
EndProject
Project("{FAE04EC0-301F-11D3-BF4B-00C04F79EFBC}") = "GestionBanque3", "GestionBanque3\GestionBanque3.csproj", "{5D2AE63F-D7C0-426C-85E4-34B23A4834E9}"
EndProject
Project("{2150E333-8FDC-42A3-9474-1A3956D46DE8}") = "4 Heritage + Polymorphisme", "4 Heritage + Polymorphisme", "{4B26DF99-895B-4D5B-98CE-636C6D98E01D}"
EndProject
Project("{FAE04EC0-301F-11D3-BF4B-00C04F79EFBC}") = "GestionBanque4", "GestionBanque4\GestionBanque4.csproj", "{1FF58F68-96F4-451A-88F0-EAB13E5E7640}"
EndProject
Project("{2150E333-8FDC-42A3-9474-1A3956D46DE8}") = "5 Classes abstraites", "5 Classes abstraites", "{292C321C-DB08-4EAE-AD5D-50D2656A4EC6}"
EndProject
Project("{FAE04EC0-301F-11D3-BF4B-00C04F79EFBC}") = "GestionBanque5", "GestionBanque5\GestionBanque5.csproj", "{6AEAAFB3-4A9F-4114-8799-11F9CB64FAA9}"
EndProject
Project("{2150E333-8FDC-42A3-9474-1A3956D46DE8}") = "6 Constructeurs", "6 Constructeurs", "{35F93EEC-D54C-4BEA-832A-58748E449580}"
EndProject
Project("{FAE04EC0-301F-11D3-BF4B-00C04F79EFBC}") = "GestionBanque6", "GestionBanque6\GestionBanque6.csproj", "{83FBE55B-9967-4F7E-BA90-0DAC1DCE63F3}"
EndProject
Global
	GlobalSection(SolutionConfigurationPlatforms) = preSolution
		Debug|Any CPU = Debug|Any CPU
		Release|Any CPU = Release|Any CPU
	EndGlobalSection
	GlobalSection(ProjectConfigurationPlatforms) = postSolution
		{6D385926-1571-4BBE-879C-F181FB08A820}.Debug|Any CPU.ActiveCfg = Debug|Any CPU
		{6D385926-1571-4BBE-879C-F181FB08A820}.Debug|Any CPU.Build.0 = Debug|Any CPU
		{6D385926-1571-4BBE-879C-F181FB08A820}.Release|Any CPU.ActiveCfg = Release|Any CPU
		{6D385926-1571-4BBE-879C-F181FB08A820}.Release|Any CPU.Build.0 = Release|Any CPU
		{53416F38-FCFA-4BDF-8DAC-586457D30FF8}.Debug|Any CPU.ActiveCfg = Debug|Any CPU
		{53416F38-FCFA-4BDF-8DAC-586457D30FF8}.Debug|Any CPU.Build.0 = Debug|Any CPU
		{53416F38-FCFA-4BDF-8DAC-586457D30FF8}.Release|Any CPU.ActiveCfg = Release|Any CPU
		{53416F38-FCFA-4BDF-8DAC-586457D30FF8}.Release|Any CPU.Build.0 = Release|Any CPU
		{5D2AE63F-D7C0-426C-85E4-34B23A4834E9}.Debug|Any CPU.ActiveCfg = Debug|Any CPU
		{5D2AE63F-D7C0-426C-85E4-34B23A4834E9}.Debug|Any CPU.Build.0 = Debug|Any CPU
		{5D2AE63F-D7C0-426C-85E4-34B23A4834E9}.Release|Any CPU.ActiveCfg = Release|Any CPU
		{5D2AE63F-D7C0-426C-85E4-34B23A4834E9}.Release|Any CPU.Build.0 = Release|Any CPU
		{1FF58F68-96F4-451A-88F0-EAB13E5E7640}.Debug|Any CPU.ActiveCfg = Debug|Any CPU
		{1FF58F68-96F4-451A-88F0-EAB13E5E7640}.Debug|Any CPU.Build.0 = Debug|Any CPU
		{1FF58F68-96F4-451A-88F0-EAB13E5E7640}.Release|Any CPU.ActiveCfg = Release|Any CPU
		{1FF58F68-96F4-451A-88F0-EAB13E5E7640}.Release|Any CPU.Build.0 = Release|Any CPU
		{6AEAAFB3-4A9F-4114-8799-11F9CB64FAA9}.Debug|Any CPU.ActiveCfg = Debug|Any CPU
		{6AEAAFB3-4A9F-4114-8799-11F9CB64FAA9}.Debug|Any CPU.Build.0 = Debug|Any CPU
		{6AEAAFB3-4A9F-4114-8799-11F9CB64FAA9}.Release|Any CPU.ActiveCfg = Release|Any CPU
		{6AEAAFB3-4A9F-4114-8799-11F9CB64FAA9}.Release|Any CPU.Build.0 = Release|Any CPU
		{83FBE55B-9967-4F7E-BA90-0DAC1DCE63F3}.Debug|Any CPU.ActiveCfg = Debug|Any CPU
		{83FBE55B-9967-4F7E-BA90-0DAC1DCE63F3}.Debug|Any CPU.Build.0 = Debug|Any CPU
		{83FBE55B-9967-4F7E-BA90-0DAC1DCE63F3}.Release|Any CPU.ActiveCfg = Release|Any CPU
		{83FBE55B-9967-4F7E-BA90-0DAC1DCE63F3}.Release|Any CPU.Build.0 = Release|Any CPU
	EndGlobalSection
	GlobalSection(SolutionProperties) = preSolution
		HideSolutionNode = FALSE
	EndGlobalSection
	GlobalSection(NestedProjects) = preSolution
		{6D385926-1571-4BBE-879C-F181FB08A820} = {257500B0-D5A5-4156-B71F-C9045A9A9FA2}
		{53416F38-FCFA-4BDF-8DAC-586457D30FF8} = {B0B1886F-89EA-423C-B91C-F81A2B3960F3}
		{5D2AE63F-D7C0-426C-85E4-34B23A4834E9} = {AE81B8FE-3B13-43AF-B6AD-B79CDC21C049}
		{1FF58F68-96F4-451A-88F0-EAB13E5E7640} = {4B26DF99-895B-4D5B-98CE-636C6D98E01D}
		{6AEAAFB3-4A9F-4114-8799-11F9CB64FAA9} = {292C321C-DB08-4EAE-AD5D-50D2656A4EC6}
		{83FBE55B-9967-4F7E-BA90-0DAC1DCE63F3} = {35F93EEC-D54C-4BEA-832A-58748E449580}
	EndGlobalSection
	GlobalSection(ExtensibilityGlobals) = postSolution
		SolutionGuid = {F38930DF-4696-465F-8E83-9507CE51C796}
	EndGlobalSection
EndGlobal
